
Microsoft Visual Studio Solution File, Format Version 12.00
# Visual Studio Version 17
VisualStudioVersion = 17.8.34525.116
MinimumVisualStudioVersion = 10.0.40219.1
Project("{FAE04EC0-301F-11D3-BF4B-00C04F79EFBC}") = "CloneKodlamaIo", "CloneKodlamaIo\CloneKodlamaIo.csproj", "{F68D53A2-DEFD-4922-A6D2-B8B7E0406B9B}"
EndProject
Global
	GlobalSection(SolutionConfigurationPlatforms) = preSolution
		Debug|Any CPU = Debug|Any CPU
		Release|Any CPU = Release|Any CPU
	EndGlobalSection
	GlobalSection(ProjectConfigurationPlatforms) = postSolution
		{F68D53A2-DEFD-4922-A6D2-B8B7E0406B9B}.Debug|Any CPU.ActiveCfg = Debug|Any CPU
		{F68D53A2-DEFD-4922-A6D2-B8B7E0406B9B}.Debug|Any CPU.Build.0 = Debug|Any CPU
		{F68D53A2-DEFD-4922-A6D2-B8B7E0406B9B}.Release|Any CPU.ActiveCfg = Release|Any CPU
		{F68D53A2-DEFD-4922-A6D2-B8B7E0406B9B}.Release|Any CPU.Build.0 = Release|Any CPU
	EndGlobalSection
	GlobalSection(SolutionProperties) = preSolution
		HideSolutionNode = FALSE
	EndGlobalSection
	GlobalSection(ExtensibilityGlobals) = postSolution
		SolutionGuid = {3CAFB58B-077F-4ADA-BA28-34B70588891B}
	EndGlobalSection
EndGlobal
